
Microsoft Visual Studio Solution File, Format Version 12.00
# Visual Studio Version 17
VisualStudioVersion = 17.0.32112.339
MinimumVisualStudioVersion = 10.0.40219.1
Project("{FAE04EC0-301F-11D3-BF4B-00C04F79EFBC}") = "AccessModifiers", "AccessModifiers.csproj", "{1BD6E32D-CFAD-4011-AD52-E7CA9E23F48E}"
EndProject
Project("{FAE04EC0-301F-11D3-BF4B-00C04F79EFBC}") = "AccessModifiers2", "..\AccessModifiers2\AccessModifiers2.csproj", "{9BCDACD3-67B2-47A4-B338-81BEB79EE4EE}"
EndProject
Global
	GlobalSection(SolutionConfigurationPlatforms) = preSolution
		Debug|Any CPU = Debug|Any CPU
		Release|Any CPU = Release|Any CPU
	EndGlobalSection
	GlobalSection(ProjectConfigurationPlatforms) = postSolution
		{1BD6E32D-CFAD-4011-AD52-E7CA9E23F48E}.Debug|Any CPU.ActiveCfg = Debug|Any CPU
		{1BD6E32D-CFAD-4011-AD52-E7CA9E23F48E}.Debug|Any CPU.Build.0 = Debug|Any CPU
		{1BD6E32D-CFAD-4011-AD52-E7CA9E23F48E}.Release|Any CPU.ActiveCfg = Release|Any CPU
		{1BD6E32D-CFAD-4011-AD52-E7CA9E23F48E}.Release|Any CPU.Build.0 = Release|Any CPU
		{9BCDACD3-67B2-47A4-B338-81BEB79EE4EE}.Debug|Any CPU.ActiveCfg = Debug|Any CPU
		{9BCDACD3-67B2-47A4-B338-81BEB79EE4EE}.Debug|Any CPU.Build.0 = Debug|Any CPU
		{9BCDACD3-67B2-47A4-B338-81BEB79EE4EE}.Release|Any CPU.ActiveCfg = Release|Any CPU
		{9BCDACD3-67B2-47A4-B338-81BEB79EE4EE}.Release|Any CPU.Build.0 = Release|Any CPU
	EndGlobalSection
	GlobalSection(SolutionProperties) = preSolution
		HideSolutionNode = FALSE
	EndGlobalSection
	GlobalSection(ExtensibilityGlobals) = postSolution
		SolutionGuid = {FB5D18D5-B50B-4CC8-B3D2-F153CBB5E124}
	EndGlobalSection
EndGlobal
