
Microsoft Visual Studio Solution File, Format Version 12.00
# Visual Studio Version 17
VisualStudioVersion = 17.0.32112.339
MinimumVisualStudioVersion = 10.0.40219.1
Project("{FAE04EC0-301F-11D3-BF4B-00C04F79EFBC}") = "XML1", "XML1.csproj", "{F57DCCA6-23DF-4096-A149-D60EF6EB7B55}"
EndProject
Global
	GlobalSection(SolutionConfigurationPlatforms) = preSolution
		Debug|Any CPU = Debug|Any CPU
		Release|Any CPU = Release|Any CPU
	EndGlobalSection
	GlobalSection(ProjectConfigurationPlatforms) = postSolution
		{F57DCCA6-23DF-4096-A149-D60EF6EB7B55}.Debug|Any CPU.ActiveCfg = Debug|Any CPU
		{F57DCCA6-23DF-4096-A149-D60EF6EB7B55}.Debug|Any CPU.Build.0 = Debug|Any CPU
		{F57DCCA6-23DF-4096-A149-D60EF6EB7B55}.Release|Any CPU.ActiveCfg = Release|Any CPU
		{F57DCCA6-23DF-4096-A149-D60EF6EB7B55}.Release|Any CPU.Build.0 = Release|Any CPU
	EndGlobalSection
	GlobalSection(SolutionProperties) = preSolution
		HideSolutionNode = FALSE
	EndGlobalSection
	GlobalSection(ExtensibilityGlobals) = postSolution
		SolutionGuid = {51E62737-E294-4BBF-B298-D73C590AC89B}
	EndGlobalSection
EndGlobal
