
Microsoft Visual Studio Solution File, Format Version 12.00
# Visual Studio Version 17
VisualStudioVersion = 17.0.32112.339
MinimumVisualStudioVersion = 10.0.40219.1
Project("{FAE04EC0-301F-11D3-BF4B-00C04F79EFBC}") = "MultiplicationTableForLoop", "MultiplicationTableForLoop.csproj", "{DFD83C98-732A-4E18-853F-0522ED986825}"
EndProject
Global
	GlobalSection(SolutionConfigurationPlatforms) = preSolution
		Debug|Any CPU = Debug|Any CPU
		Release|Any CPU = Release|Any CPU
	EndGlobalSection
	GlobalSection(ProjectConfigurationPlatforms) = postSolution
		{DFD83C98-732A-4E18-853F-0522ED986825}.Debug|Any CPU.ActiveCfg = Debug|Any CPU
		{DFD83C98-732A-4E18-853F-0522ED986825}.Debug|Any CPU.Build.0 = Debug|Any CPU
		{DFD83C98-732A-4E18-853F-0522ED986825}.Release|Any CPU.ActiveCfg = Release|Any CPU
		{DFD83C98-732A-4E18-853F-0522ED986825}.Release|Any CPU.Build.0 = Release|Any CPU
	EndGlobalSection
	GlobalSection(SolutionProperties) = preSolution
		HideSolutionNode = FALSE
	EndGlobalSection
	GlobalSection(ExtensibilityGlobals) = postSolution
		SolutionGuid = {3AE85167-4FB4-46DE-A12B-C51E5D601B31}
	EndGlobalSection
EndGlobal
