
Microsoft Visual Studio Solution File, Format Version 12.00
# Visual Studio Version 17
VisualStudioVersion = 17.0.32112.339
MinimumVisualStudioVersion = 10.0.40219.1
Project("{FAE04EC0-301F-11D3-BF4B-00C04F79EFBC}") = "SumOf5NumbersUsingArray", "SumOf5NumbersUsingArray.csproj", "{C437075B-4FBB-4C87-A5BF-C859079874F1}"
EndProject
Global
	GlobalSection(SolutionConfigurationPlatforms) = preSolution
		Debug|Any CPU = Debug|Any CPU
		Release|Any CPU = Release|Any CPU
	EndGlobalSection
	GlobalSection(ProjectConfigurationPlatforms) = postSolution
		{C437075B-4FBB-4C87-A5BF-C859079874F1}.Debug|Any CPU.ActiveCfg = Debug|Any CPU
		{C437075B-4FBB-4C87-A5BF-C859079874F1}.Debug|Any CPU.Build.0 = Debug|Any CPU
		{C437075B-4FBB-4C87-A5BF-C859079874F1}.Release|Any CPU.ActiveCfg = Release|Any CPU
		{C437075B-4FBB-4C87-A5BF-C859079874F1}.Release|Any CPU.Build.0 = Release|Any CPU
	EndGlobalSection
	GlobalSection(SolutionProperties) = preSolution
		HideSolutionNode = FALSE
	EndGlobalSection
	GlobalSection(ExtensibilityGlobals) = postSolution
		SolutionGuid = {C2E24268-3E6F-4DBB-9B76-9CB0202A7498}
	EndGlobalSection
EndGlobal
