
Microsoft Visual Studio Solution File, Format Version 12.00
# Visual Studio Version 17
VisualStudioVersion = 17.0.32112.339
MinimumVisualStudioVersion = 10.0.40219.1
Project("{FAE04EC0-301F-11D3-BF4B-00C04F79EFBC}") = "MatheMaticsWebService", "MatheMaticsWebService.csproj", "{1CA235C4-08D0-474C-9501-C64523371727}"
EndProject
Global
	GlobalSection(SolutionConfigurationPlatforms) = preSolution
		Debug|Any CPU = Debug|Any CPU
		Release|Any CPU = Release|Any CPU
	EndGlobalSection
	GlobalSection(ProjectConfigurationPlatforms) = postSolution
		{1CA235C4-08D0-474C-9501-C64523371727}.Debug|Any CPU.ActiveCfg = Debug|Any CPU
		{1CA235C4-08D0-474C-9501-C64523371727}.Debug|Any CPU.Build.0 = Debug|Any CPU
		{1CA235C4-08D0-474C-9501-C64523371727}.Release|Any CPU.ActiveCfg = Release|Any CPU
		{1CA235C4-08D0-474C-9501-C64523371727}.Release|Any CPU.Build.0 = Release|Any CPU
	EndGlobalSection
	GlobalSection(SolutionProperties) = preSolution
		HideSolutionNode = FALSE
	EndGlobalSection
	GlobalSection(ExtensibilityGlobals) = postSolution
		SolutionGuid = {F09B30AB-97F0-4BC9-9A58-1C1934AD8BD2}
	EndGlobalSection
EndGlobal
