
Microsoft Visual Studio Solution File, Format Version 12.00
# Visual Studio Version 17
VisualStudioVersion = 17.0.32112.339
MinimumVisualStudioVersion = 10.0.40219.1
Project("{FAE04EC0-301F-11D3-BF4B-00C04F79EFBC}") = "MMConsole", "MMConsole.csproj", "{2549F1C7-2FCE-4EE1-AF0D-537A3FF3BF7C}"
EndProject
Project("{FAE04EC0-301F-11D3-BF4B-00C04F79EFBC}") = "MMWindows", "..\MMWindows\MMWindows.csproj", "{8AC2C368-7C9B-4BDA-866A-331F4F68BD8B}"
EndProject
Global
	GlobalSection(SolutionConfigurationPlatforms) = preSolution
		Debug|Any CPU = Debug|Any CPU
		Release|Any CPU = Release|Any CPU
	EndGlobalSection
	GlobalSection(ProjectConfigurationPlatforms) = postSolution
		{2549F1C7-2FCE-4EE1-AF0D-537A3FF3BF7C}.Debug|Any CPU.ActiveCfg = Debug|Any CPU
		{2549F1C7-2FCE-4EE1-AF0D-537A3FF3BF7C}.Debug|Any CPU.Build.0 = Debug|Any CPU
		{2549F1C7-2FCE-4EE1-AF0D-537A3FF3BF7C}.Release|Any CPU.ActiveCfg = Release|Any CPU
		{2549F1C7-2FCE-4EE1-AF0D-537A3FF3BF7C}.Release|Any CPU.Build.0 = Release|Any CPU
		{8AC2C368-7C9B-4BDA-866A-331F4F68BD8B}.Debug|Any CPU.ActiveCfg = Debug|Any CPU
		{8AC2C368-7C9B-4BDA-866A-331F4F68BD8B}.Debug|Any CPU.Build.0 = Debug|Any CPU
		{8AC2C368-7C9B-4BDA-866A-331F4F68BD8B}.Release|Any CPU.ActiveCfg = Release|Any CPU
		{8AC2C368-7C9B-4BDA-866A-331F4F68BD8B}.Release|Any CPU.Build.0 = Release|Any CPU
	EndGlobalSection
	GlobalSection(SolutionProperties) = preSolution
		HideSolutionNode = FALSE
	EndGlobalSection
	GlobalSection(ExtensibilityGlobals) = postSolution
		SolutionGuid = {F9CB6D8B-E199-45DE-B88A-2451EF5910DD}
	EndGlobalSection
EndGlobal
