
Microsoft Visual Studio Solution File, Format Version 12.00
# Visual Studio Version 17
VisualStudioVersion = 17.0.32112.339
MinimumVisualStudioVersion = 10.0.40219.1
Project("{FAE04EC0-301F-11D3-BF4B-00C04F79EFBC}") = "DelegateE", "DelegateE.csproj", "{1D48361F-81D9-4E31-B204-48478B601813}"
EndProject
Global
	GlobalSection(SolutionConfigurationPlatforms) = preSolution
		Debug|Any CPU = Debug|Any CPU
		Release|Any CPU = Release|Any CPU
	EndGlobalSection
	GlobalSection(ProjectConfigurationPlatforms) = postSolution
		{1D48361F-81D9-4E31-B204-48478B601813}.Debug|Any CPU.ActiveCfg = Debug|Any CPU
		{1D48361F-81D9-4E31-B204-48478B601813}.Debug|Any CPU.Build.0 = Debug|Any CPU
		{1D48361F-81D9-4E31-B204-48478B601813}.Release|Any CPU.ActiveCfg = Release|Any CPU
		{1D48361F-81D9-4E31-B204-48478B601813}.Release|Any CPU.Build.0 = Release|Any CPU
	EndGlobalSection
	GlobalSection(SolutionProperties) = preSolution
		HideSolutionNode = FALSE
	EndGlobalSection
	GlobalSection(ExtensibilityGlobals) = postSolution
		SolutionGuid = {35FD409C-3DB8-48E4-9BC3-51DB0EAA5DFC}
	EndGlobalSection
EndGlobal
