
Microsoft Visual Studio Solution File, Format Version 12.00
# Visual Studio Version 17
VisualStudioVersion = 17.0.32112.339
MinimumVisualStudioVersion = 10.0.40219.1
Project("{FAE04EC0-301F-11D3-BF4B-00C04F79EFBC}") = "Day1Project4", "Day1Project4.csproj", "{BCA59C18-C75A-446E-A105-E1228DB73712}"
EndProject
Global
	GlobalSection(SolutionConfigurationPlatforms) = preSolution
		Debug|Any CPU = Debug|Any CPU
		Release|Any CPU = Release|Any CPU
	EndGlobalSection
	GlobalSection(ProjectConfigurationPlatforms) = postSolution
		{BCA59C18-C75A-446E-A105-E1228DB73712}.Debug|Any CPU.ActiveCfg = Debug|Any CPU
		{BCA59C18-C75A-446E-A105-E1228DB73712}.Debug|Any CPU.Build.0 = Debug|Any CPU
		{BCA59C18-C75A-446E-A105-E1228DB73712}.Release|Any CPU.ActiveCfg = Release|Any CPU
		{BCA59C18-C75A-446E-A105-E1228DB73712}.Release|Any CPU.Build.0 = Release|Any CPU
	EndGlobalSection
	GlobalSection(SolutionProperties) = preSolution
		HideSolutionNode = FALSE
	EndGlobalSection
	GlobalSection(ExtensibilityGlobals) = postSolution
		SolutionGuid = {38986ED4-B532-4342-BB9A-E875135C1C7D}
	EndGlobalSection
EndGlobal
