
Microsoft Visual Studio Solution File, Format Version 12.00
# Visual Studio Version 17
VisualStudioVersion = 17.0.32112.339
MinimumVisualStudioVersion = 10.0.40219.1
Project("{FAE04EC0-301F-11D3-BF4B-00C04F79EFBC}") = "Day1Project3", "Day1Project3.csproj", "{47DEAEE2-A966-487B-A814-A005725FB8BD}"
EndProject
Global
	GlobalSection(SolutionConfigurationPlatforms) = preSolution
		Debug|Any CPU = Debug|Any CPU
		Release|Any CPU = Release|Any CPU
	EndGlobalSection
	GlobalSection(ProjectConfigurationPlatforms) = postSolution
		{47DEAEE2-A966-487B-A814-A005725FB8BD}.Debug|Any CPU.ActiveCfg = Debug|Any CPU
		{47DEAEE2-A966-487B-A814-A005725FB8BD}.Debug|Any CPU.Build.0 = Debug|Any CPU
		{47DEAEE2-A966-487B-A814-A005725FB8BD}.Release|Any CPU.ActiveCfg = Release|Any CPU
		{47DEAEE2-A966-487B-A814-A005725FB8BD}.Release|Any CPU.Build.0 = Release|Any CPU
	EndGlobalSection
	GlobalSection(SolutionProperties) = preSolution
		HideSolutionNode = FALSE
	EndGlobalSection
	GlobalSection(ExtensibilityGlobals) = postSolution
		SolutionGuid = {FFFA6691-1E55-48FD-ACE9-6DDFBC6C4F2F}
	EndGlobalSection
EndGlobal
