
Microsoft Visual Studio Solution File, Format Version 12.00
# Visual Studio Version 17
VisualStudioVersion = 17.0.32112.339
MinimumVisualStudioVersion = 10.0.40219.1
Project("{FAE04EC0-301F-11D3-BF4B-00C04F79EFBC}") = "Mathematics", "Mathematics.csproj", "{4551E090-05C2-4C21-85A2-D3B0B5AD2715}"
EndProject
Global
	GlobalSection(SolutionConfigurationPlatforms) = preSolution
		Debug|Any CPU = Debug|Any CPU
		Release|Any CPU = Release|Any CPU
	EndGlobalSection
	GlobalSection(ProjectConfigurationPlatforms) = postSolution
		{4551E090-05C2-4C21-85A2-D3B0B5AD2715}.Debug|Any CPU.ActiveCfg = Debug|Any CPU
		{4551E090-05C2-4C21-85A2-D3B0B5AD2715}.Debug|Any CPU.Build.0 = Debug|Any CPU
		{4551E090-05C2-4C21-85A2-D3B0B5AD2715}.Release|Any CPU.ActiveCfg = Release|Any CPU
		{4551E090-05C2-4C21-85A2-D3B0B5AD2715}.Release|Any CPU.Build.0 = Release|Any CPU
	EndGlobalSection
	GlobalSection(SolutionProperties) = preSolution
		HideSolutionNode = FALSE
	EndGlobalSection
	GlobalSection(ExtensibilityGlobals) = postSolution
		SolutionGuid = {3DDF4BB8-A1DE-448A-834C-289FBFB78A5A}
	EndGlobalSection
EndGlobal
