
Microsoft Visual Studio Solution File, Format Version 12.00
# Visual Studio Version 17
VisualStudioVersion = 17.0.32112.339
MinimumVisualStudioVersion = 10.0.40219.1
Project("{FAE04EC0-301F-11D3-BF4B-00C04F79EFBC}") = "SumOfArrayUsingForEachLoop", "SumOfArrayUsingForEachLoop.csproj", "{BE13AFA4-C2B9-493D-91A2-E7329BA9EBD9}"
EndProject
Global
	GlobalSection(SolutionConfigurationPlatforms) = preSolution
		Debug|Any CPU = Debug|Any CPU
		Release|Any CPU = Release|Any CPU
	EndGlobalSection
	GlobalSection(ProjectConfigurationPlatforms) = postSolution
		{BE13AFA4-C2B9-493D-91A2-E7329BA9EBD9}.Debug|Any CPU.ActiveCfg = Debug|Any CPU
		{BE13AFA4-C2B9-493D-91A2-E7329BA9EBD9}.Debug|Any CPU.Build.0 = Debug|Any CPU
		{BE13AFA4-C2B9-493D-91A2-E7329BA9EBD9}.Release|Any CPU.ActiveCfg = Release|Any CPU
		{BE13AFA4-C2B9-493D-91A2-E7329BA9EBD9}.Release|Any CPU.Build.0 = Release|Any CPU
	EndGlobalSection
	GlobalSection(SolutionProperties) = preSolution
		HideSolutionNode = FALSE
	EndGlobalSection
	GlobalSection(ExtensibilityGlobals) = postSolution
		SolutionGuid = {B5B2E423-C365-4A41-AE68-E612AED1779D}
	EndGlobalSection
EndGlobal
