
Microsoft Visual Studio Solution File, Format Version 12.00
# Visual Studio Version 17
VisualStudioVersion = 17.0.32112.339
MinimumVisualStudioVersion = 10.0.40219.1
Project("{FAE04EC0-301F-11D3-BF4B-00C04F79EFBC}") = "CarDesign", "CarDesign.csproj", "{7FBE1F97-B574-4740-9EEA-FB38E41089D5}"
EndProject
Global
	GlobalSection(SolutionConfigurationPlatforms) = preSolution
		Debug|Any CPU = Debug|Any CPU
		Release|Any CPU = Release|Any CPU
	EndGlobalSection
	GlobalSection(ProjectConfigurationPlatforms) = postSolution
		{7FBE1F97-B574-4740-9EEA-FB38E41089D5}.Debug|Any CPU.ActiveCfg = Debug|Any CPU
		{7FBE1F97-B574-4740-9EEA-FB38E41089D5}.Debug|Any CPU.Build.0 = Debug|Any CPU
		{7FBE1F97-B574-4740-9EEA-FB38E41089D5}.Release|Any CPU.ActiveCfg = Release|Any CPU
		{7FBE1F97-B574-4740-9EEA-FB38E41089D5}.Release|Any CPU.Build.0 = Release|Any CPU
	EndGlobalSection
	GlobalSection(SolutionProperties) = preSolution
		HideSolutionNode = FALSE
	EndGlobalSection
	GlobalSection(ExtensibilityGlobals) = postSolution
		SolutionGuid = {27C11964-D8FE-4134-81E2-8E85BDEBD44C}
	EndGlobalSection
EndGlobal
