
Microsoft Visual Studio Solution File, Format Version 12.00
# Visual Studio Version 17
VisualStudioVersion = 17.0.32112.339
MinimumVisualStudioVersion = 10.0.40219.1
Project("{FAE04EC0-301F-11D3-BF4B-00C04F79EFBC}") = "Day1Project1", "Day1Project1.csproj", "{8DF3EE79-A45C-4AD6-B99D-4638CDFCF5BA}"
EndProject
Global
	GlobalSection(SolutionConfigurationPlatforms) = preSolution
		Debug|Any CPU = Debug|Any CPU
		Release|Any CPU = Release|Any CPU
	EndGlobalSection
	GlobalSection(ProjectConfigurationPlatforms) = postSolution
		{8DF3EE79-A45C-4AD6-B99D-4638CDFCF5BA}.Debug|Any CPU.ActiveCfg = Debug|Any CPU
		{8DF3EE79-A45C-4AD6-B99D-4638CDFCF5BA}.Debug|Any CPU.Build.0 = Debug|Any CPU
		{8DF3EE79-A45C-4AD6-B99D-4638CDFCF5BA}.Release|Any CPU.ActiveCfg = Release|Any CPU
		{8DF3EE79-A45C-4AD6-B99D-4638CDFCF5BA}.Release|Any CPU.Build.0 = Release|Any CPU
	EndGlobalSection
	GlobalSection(SolutionProperties) = preSolution
		HideSolutionNode = FALSE
	EndGlobalSection
	GlobalSection(ExtensibilityGlobals) = postSolution
		SolutionGuid = {7A248EFA-F8B0-473A-B66B-50F1045F2761}
	EndGlobalSection
EndGlobal
