
Microsoft Visual Studio Solution File, Format Version 12.00
# Visual Studio Version 17
VisualStudioVersion = 17.0.32112.339
MinimumVisualStudioVersion = 10.0.40219.1
Project("{FAE04EC0-301F-11D3-BF4B-00C04F79EFBC}") = "PrintDataUsingLoops", "PrintDataUsingLoops.csproj", "{0D7A2703-0E1E-4B2E-AA32-0F410AECCC40}"
EndProject
Global
	GlobalSection(SolutionConfigurationPlatforms) = preSolution
		Debug|Any CPU = Debug|Any CPU
		Release|Any CPU = Release|Any CPU
	EndGlobalSection
	GlobalSection(ProjectConfigurationPlatforms) = postSolution
		{0D7A2703-0E1E-4B2E-AA32-0F410AECCC40}.Debug|Any CPU.ActiveCfg = Debug|Any CPU
		{0D7A2703-0E1E-4B2E-AA32-0F410AECCC40}.Debug|Any CPU.Build.0 = Debug|Any CPU
		{0D7A2703-0E1E-4B2E-AA32-0F410AECCC40}.Release|Any CPU.ActiveCfg = Release|Any CPU
		{0D7A2703-0E1E-4B2E-AA32-0F410AECCC40}.Release|Any CPU.Build.0 = Release|Any CPU
	EndGlobalSection
	GlobalSection(SolutionProperties) = preSolution
		HideSolutionNode = FALSE
	EndGlobalSection
	GlobalSection(ExtensibilityGlobals) = postSolution
		SolutionGuid = {CDB9C357-8052-485A-91F9-EE2DC7867549}
	EndGlobalSection
EndGlobal
