
Microsoft Visual Studio Solution File, Format Version 12.00
# Visual Studio Version 17
VisualStudioVersion = 17.0.32112.339
MinimumVisualStudioVersion = 10.0.40219.1
Project("{FAE04EC0-301F-11D3-BF4B-00C04F79EFBC}") = "XML4", "XML4.csproj", "{00250E83-56F4-4033-84D2-5FD5B8CA50DA}"
EndProject
Global
	GlobalSection(SolutionConfigurationPlatforms) = preSolution
		Debug|Any CPU = Debug|Any CPU
		Release|Any CPU = Release|Any CPU
	EndGlobalSection
	GlobalSection(ProjectConfigurationPlatforms) = postSolution
		{00250E83-56F4-4033-84D2-5FD5B8CA50DA}.Debug|Any CPU.ActiveCfg = Debug|Any CPU
		{00250E83-56F4-4033-84D2-5FD5B8CA50DA}.Debug|Any CPU.Build.0 = Debug|Any CPU
		{00250E83-56F4-4033-84D2-5FD5B8CA50DA}.Release|Any CPU.ActiveCfg = Release|Any CPU
		{00250E83-56F4-4033-84D2-5FD5B8CA50DA}.Release|Any CPU.Build.0 = Release|Any CPU
	EndGlobalSection
	GlobalSection(SolutionProperties) = preSolution
		HideSolutionNode = FALSE
	EndGlobalSection
	GlobalSection(ExtensibilityGlobals) = postSolution
		SolutionGuid = {BC329F3C-F3FA-4130-908B-144C8A092420}
	EndGlobalSection
EndGlobal
